
Microsoft Visual Studio Solution File, Format Version 12.00
# Visual Studio 15
VisualStudioVersion = 15.0.27428.2037
MinimumVisualStudioVersion = 10.0.40219.1
Project("{FAE04EC0-301F-11D3-BF4B-00C04F79EFBC}") = "IoTizeBLE", "IoTizeBLE\IoTizeBLE.csproj", "{76A82C5A-F746-485A-8257-B6DE995DF198}"
EndProject
Project("{262852C6-CD72-467D-83FE-5EEB1973A190}") = "IotizeBLEApp", "..\..\test\IotizeBLEApp\IotizeBLEApp.jsproj", "{A94BD6AD-B968-4A9E-AD84-E79A9B060CAC}"
EndProject
Project("{E24C65DC-7377-472B-9ABA-BC803B73C61A}") = "cordova-plugin-iotize-ble", "..\..\", "{FC40C189-3787-4C0C-942B-F93836CFC57A}"
	ProjectSection(WebsiteProperties) = preProject
		TargetFrameworkMoniker = ".NETFramework,Version%3Dv4.0"
		Debug.AspNetCompiler.VirtualPath = "/localhost_56997"
		Debug.AspNetCompiler.PhysicalPath = "..\..\..\cordova-plugin-iotize-ble\"
		Debug.AspNetCompiler.TargetPath = "PrecompiledWeb\localhost_56997\"
		Debug.AspNetCompiler.Updateable = "true"
		Debug.AspNetCompiler.ForceOverwrite = "true"
		Debug.AspNetCompiler.FixedNames = "false"
		Debug.AspNetCompiler.Debug = "True"
		Release.AspNetCompiler.VirtualPath = "/localhost_56997"
		Release.AspNetCompiler.PhysicalPath = "..\..\..\cordova-plugin-iotize-ble\"
		Release.AspNetCompiler.TargetPath = "PrecompiledWeb\localhost_56997\"
		Release.AspNetCompiler.Updateable = "true"
		Release.AspNetCompiler.ForceOverwrite = "true"
		Release.AspNetCompiler.FixedNames = "false"
		Release.AspNetCompiler.Debug = "False"
		VWDPort = "56997"
		SlnRelativePath = "..\..\..\cordova-plugin-iotize-ble\"
	EndProjectSection
EndProject
Global
	GlobalSection(SolutionConfigurationPlatforms) = preSolution
		Debug|Android = Debug|Android
		Debug|Any CPU = Debug|Any CPU
		Debug|ARM = Debug|ARM
		Debug|iOS = Debug|iOS
		Debug|Windows-AnyCPU = Debug|Windows-AnyCPU
		Debug|Windows-ARM = Debug|Windows-ARM
		Debug|Windows-x64 = Debug|Windows-x64
		Debug|Windows-x86 = Debug|Windows-x86
		Debug|x64 = Debug|x64
		Debug|x86 = Debug|x86
		Release|Android = Release|Android
		Release|Any CPU = Release|Any CPU
		Release|ARM = Release|ARM
		Release|iOS = Release|iOS
		Release|Windows-AnyCPU = Release|Windows-AnyCPU
		Release|Windows-ARM = Release|Windows-ARM
		Release|Windows-x64 = Release|Windows-x64
		Release|Windows-x86 = Release|Windows-x86
		Release|x64 = Release|x64
		Release|x86 = Release|x86
	EndGlobalSection
	GlobalSection(ProjectConfigurationPlatforms) = postSolution
		{76A82C5A-F746-485A-8257-B6DE995DF198}.Debug|Android.ActiveCfg = Debug|Any CPU
		{76A82C5A-F746-485A-8257-B6DE995DF198}.Debug|Android.Build.0 = Debug|Any CPU
		{76A82C5A-F746-485A-8257-B6DE995DF198}.Debug|Any CPU.ActiveCfg = Debug|Any CPU
		{76A82C5A-F746-485A-8257-B6DE995DF198}.Debug|Any CPU.Build.0 = Debug|Any CPU
		{76A82C5A-F746-485A-8257-B6DE995DF198}.Debug|ARM.ActiveCfg = Debug|ARM
		{76A82C5A-F746-485A-8257-B6DE995DF198}.Debug|ARM.Build.0 = Debug|ARM
		{76A82C5A-F746-485A-8257-B6DE995DF198}.Debug|iOS.ActiveCfg = Debug|Any CPU
		{76A82C5A-F746-485A-8257-B6DE995DF198}.Debug|iOS.Build.0 = Debug|Any CPU
		{76A82C5A-F746-485A-8257-B6DE995DF198}.Debug|Windows-AnyCPU.ActiveCfg = Debug|Any CPU
		{76A82C5A-F746-485A-8257-B6DE995DF198}.Debug|Windows-AnyCPU.Build.0 = Debug|Any CPU
		{76A82C5A-F746-485A-8257-B6DE995DF198}.Debug|Windows-ARM.ActiveCfg = Debug|Any CPU
		{76A82C5A-F746-485A-8257-B6DE995DF198}.Debug|Windows-ARM.Build.0 = Debug|Any CPU
		{76A82C5A-F746-485A-8257-B6DE995DF198}.Debug|Windows-x64.ActiveCfg = Debug|Any CPU
		{76A82C5A-F746-485A-8257-B6DE995DF198}.Debug|Windows-x64.Build.0 = Debug|Any CPU
		{76A82C5A-F746-485A-8257-B6DE995DF198}.Debug|Windows-x86.ActiveCfg = Debug|Any CPU
		{76A82C5A-F746-485A-8257-B6DE995DF198}.Debug|Windows-x86.Build.0 = Debug|Any CPU
		{76A82C5A-F746-485A-8257-B6DE995DF198}.Debug|x64.ActiveCfg = Debug|x64
		{76A82C5A-F746-485A-8257-B6DE995DF198}.Debug|x64.Build.0 = Debug|x64
		{76A82C5A-F746-485A-8257-B6DE995DF198}.Debug|x86.ActiveCfg = Debug|x86
		{76A82C5A-F746-485A-8257-B6DE995DF198}.Debug|x86.Build.0 = Debug|x86
		{76A82C5A-F746-485A-8257-B6DE995DF198}.Release|Android.ActiveCfg = Release|Any CPU
		{76A82C5A-F746-485A-8257-B6DE995DF198}.Release|Android.Build.0 = Release|Any CPU
		{76A82C5A-F746-485A-8257-B6DE995DF198}.Release|Any CPU.ActiveCfg = Release|Any CPU
		{76A82C5A-F746-485A-8257-B6DE995DF198}.Release|Any CPU.Build.0 = Release|Any CPU
		{76A82C5A-F746-485A-8257-B6DE995DF198}.Release|ARM.ActiveCfg = Release|ARM
		{76A82C5A-F746-485A-8257-B6DE995DF198}.Release|ARM.Build.0 = Release|ARM
		{76A82C5A-F746-485A-8257-B6DE995DF198}.Release|iOS.ActiveCfg = Release|Any CPU
		{76A82C5A-F746-485A-8257-B6DE995DF198}.Release|iOS.Build.0 = Release|Any CPU
		{76A82C5A-F746-485A-8257-B6DE995DF198}.Release|Windows-AnyCPU.ActiveCfg = Release|Any CPU
		{76A82C5A-F746-485A-8257-B6DE995DF198}.Release|Windows-AnyCPU.Build.0 = Release|Any CPU
		{76A82C5A-F746-485A-8257-B6DE995DF198}.Release|Windows-ARM.ActiveCfg = Release|Any CPU
		{76A82C5A-F746-485A-8257-B6DE995DF198}.Release|Windows-ARM.Build.0 = Release|Any CPU
		{76A82C5A-F746-485A-8257-B6DE995DF198}.Release|Windows-x64.ActiveCfg = Release|Any CPU
		{76A82C5A-F746-485A-8257-B6DE995DF198}.Release|Windows-x64.Build.0 = Release|Any CPU
		{76A82C5A-F746-485A-8257-B6DE995DF198}.Release|Windows-x86.ActiveCfg = Release|Any CPU
		{76A82C5A-F746-485A-8257-B6DE995DF198}.Release|Windows-x86.Build.0 = Release|Any CPU
		{76A82C5A-F746-485A-8257-B6DE995DF198}.Release|x64.ActiveCfg = Release|x64
		{76A82C5A-F746-485A-8257-B6DE995DF198}.Release|x64.Build.0 = Release|x64
		{76A82C5A-F746-485A-8257-B6DE995DF198}.Release|x86.ActiveCfg = Release|x86
		{76A82C5A-F746-485A-8257-B6DE995DF198}.Release|x86.Build.0 = Release|x86
		{A94BD6AD-B968-4A9E-AD84-E79A9B060CAC}.Debug|Android.ActiveCfg = Debug|Android
		{A94BD6AD-B968-4A9E-AD84-E79A9B060CAC}.Debug|Android.Build.0 = Debug|Android
		{A94BD6AD-B968-4A9E-AD84-E79A9B060CAC}.Debug|Android.Deploy.0 = Debug|Android
		{A94BD6AD-B968-4A9E-AD84-E79A9B060CAC}.Debug|Any CPU.ActiveCfg = Debug|Android
		{A94BD6AD-B968-4A9E-AD84-E79A9B060CAC}.Debug|ARM.ActiveCfg = Debug|Windows-ARM
		{A94BD6AD-B968-4A9E-AD84-E79A9B060CAC}.Debug|iOS.ActiveCfg = Debug|iOS
		{A94BD6AD-B968-4A9E-AD84-E79A9B060CAC}.Debug|iOS.Build.0 = Debug|iOS
		{A94BD6AD-B968-4A9E-AD84-E79A9B060CAC}.Debug|iOS.Deploy.0 = Debug|iOS
		{A94BD6AD-B968-4A9E-AD84-E79A9B060CAC}.Debug|Windows-AnyCPU.ActiveCfg = Debug|Windows-AnyCPU
		{A94BD6AD-B968-4A9E-AD84-E79A9B060CAC}.Debug|Windows-AnyCPU.Build.0 = Debug|Windows-AnyCPU
		{A94BD6AD-B968-4A9E-AD84-E79A9B060CAC}.Debug|Windows-AnyCPU.Deploy.0 = Debug|Windows-AnyCPU
		{A94BD6AD-B968-4A9E-AD84-E79A9B060CAC}.Debug|Windows-ARM.ActiveCfg = Debug|Windows-ARM
		{A94BD6AD-B968-4A9E-AD84-E79A9B060CAC}.Debug|Windows-ARM.Build.0 = Debug|Windows-ARM
		{A94BD6AD-B968-4A9E-AD84-E79A9B060CAC}.Debug|Windows-ARM.Deploy.0 = Debug|Windows-ARM
		{A94BD6AD-B968-4A9E-AD84-E79A9B060CAC}.Debug|Windows-x64.ActiveCfg = Debug|Windows-x64
		{A94BD6AD-B968-4A9E-AD84-E79A9B060CAC}.Debug|Windows-x64.Build.0 = Debug|Windows-x64
		{A94BD6AD-B968-4A9E-AD84-E79A9B060CAC}.Debug|Windows-x64.Deploy.0 = Debug|Windows-x64
		{A94BD6AD-B968-4A9E-AD84-E79A9B060CAC}.Debug|Windows-x86.ActiveCfg = Debug|Windows-x86
		{A94BD6AD-B968-4A9E-AD84-E79A9B060CAC}.Debug|Windows-x86.Build.0 = Debug|Windows-x86
		{A94BD6AD-B968-4A9E-AD84-E79A9B060CAC}.Debug|Windows-x86.Deploy.0 = Debug|Windows-x86
		{A94BD6AD-B968-4A9E-AD84-E79A9B060CAC}.Debug|x64.ActiveCfg = Debug|Windows-x64
		{A94BD6AD-B968-4A9E-AD84-E79A9B060CAC}.Debug|x86.ActiveCfg = Debug|Windows-x86
		{A94BD6AD-B968-4A9E-AD84-E79A9B060CAC}.Release|Android.ActiveCfg = Release|Android
		{A94BD6AD-B968-4A9E-AD84-E79A9B060CAC}.Release|Android.Build.0 = Release|Android
		{A94BD6AD-B968-4A9E-AD84-E79A9B060CAC}.Release|Android.Deploy.0 = Release|Android
		{A94BD6AD-B968-4A9E-AD84-E79A9B060CAC}.Release|Any CPU.ActiveCfg = Release|Android
		{A94BD6AD-B968-4A9E-AD84-E79A9B060CAC}.Release|ARM.ActiveCfg = Release|Windows-ARM
		{A94BD6AD-B968-4A9E-AD84-E79A9B060CAC}.Release|iOS.ActiveCfg = Release|iOS
		{A94BD6AD-B968-4A9E-AD84-E79A9B060CAC}.Release|iOS.Build.0 = Release|iOS
		{A94BD6AD-B968-4A9E-AD84-E79A9B060CAC}.Release|iOS.Deploy.0 = Release|iOS
		{A94BD6AD-B968-4A9E-AD84-E79A9B060CAC}.Release|Windows-AnyCPU.ActiveCfg = Release|Windows-AnyCPU
		{A94BD6AD-B968-4A9E-AD84-E79A9B060CAC}.Release|Windows-AnyCPU.Build.0 = Release|Windows-AnyCPU
		{A94BD6AD-B968-4A9E-AD84-E79A9B060CAC}.Release|Windows-AnyCPU.Deploy.0 = Release|Windows-AnyCPU
		{A94BD6AD-B968-4A9E-AD84-E79A9B060CAC}.Release|Windows-ARM.ActiveCfg = Release|Windows-ARM
		{A94BD6AD-B968-4A9E-AD84-E79A9B060CAC}.Release|Windows-ARM.Build.0 = Release|Windows-ARM
		{A94BD6AD-B968-4A9E-AD84-E79A9B060CAC}.Release|Windows-ARM.Deploy.0 = Release|Windows-ARM
		{A94BD6AD-B968-4A9E-AD84-E79A9B060CAC}.Release|Windows-x64.ActiveCfg = Release|Windows-x64
		{A94BD6AD-B968-4A9E-AD84-E79A9B060CAC}.Release|Windows-x64.Build.0 = Release|Windows-x64
		{A94BD6AD-B968-4A9E-AD84-E79A9B060CAC}.Release|Windows-x64.Deploy.0 = Release|Windows-x64
		{A94BD6AD-B968-4A9E-AD84-E79A9B060CAC}.Release|Windows-x86.ActiveCfg = Release|Windows-x86
		{A94BD6AD-B968-4A9E-AD84-E79A9B060CAC}.Release|Windows-x86.Build.0 = Release|Windows-x86
		{A94BD6AD-B968-4A9E-AD84-E79A9B060CAC}.Release|Windows-x86.Deploy.0 = Release|Windows-x86
		{A94BD6AD-B968-4A9E-AD84-E79A9B060CAC}.Release|x64.ActiveCfg = Release|Windows-x64
		{A94BD6AD-B968-4A9E-AD84-E79A9B060CAC}.Release|x86.ActiveCfg = Release|Windows-x86
		{FC40C189-3787-4C0C-942B-F93836CFC57A}.Debug|Android.ActiveCfg = Debug|Any CPU
		{FC40C189-3787-4C0C-942B-F93836CFC57A}.Debug|Android.Build.0 = Debug|Any CPU
		{FC40C189-3787-4C0C-942B-F93836CFC57A}.Debug|Any CPU.ActiveCfg = Debug|Any CPU
		{FC40C189-3787-4C0C-942B-F93836CFC57A}.Debug|Any CPU.Build.0 = Debug|Any CPU
		{FC40C189-3787-4C0C-942B-F93836CFC57A}.Debug|ARM.ActiveCfg = Debug|Any CPU
		{FC40C189-3787-4C0C-942B-F93836CFC57A}.Debug|ARM.Build.0 = Debug|Any CPU
		{FC40C189-3787-4C0C-942B-F93836CFC57A}.Debug|iOS.ActiveCfg = Debug|Any CPU
		{FC40C189-3787-4C0C-942B-F93836CFC57A}.Debug|iOS.Build.0 = Debug|Any CPU
		{FC40C189-3787-4C0C-942B-F93836CFC57A}.Debug|Windows-AnyCPU.ActiveCfg = Debug|Any CPU
		{FC40C189-3787-4C0C-942B-F93836CFC57A}.Debug|Windows-AnyCPU.Build.0 = Debug|Any CPU
		{FC40C189-3787-4C0C-942B-F93836CFC57A}.Debug|Windows-ARM.ActiveCfg = Debug|Any CPU
		{FC40C189-3787-4C0C-942B-F93836CFC57A}.Debug|Windows-ARM.Build.0 = Debug|Any CPU
		{FC40C189-3787-4C0C-942B-F93836CFC57A}.Debug|Windows-x64.ActiveCfg = Debug|Any CPU
		{FC40C189-3787-4C0C-942B-F93836CFC57A}.Debug|Windows-x64.Build.0 = Debug|Any CPU
		{FC40C189-3787-4C0C-942B-F93836CFC57A}.Debug|Windows-x86.ActiveCfg = Debug|Any CPU
		{FC40C189-3787-4C0C-942B-F93836CFC57A}.Debug|Windows-x86.Build.0 = Debug|Any CPU
		{FC40C189-3787-4C0C-942B-F93836CFC57A}.Debug|x64.ActiveCfg = Debug|Any CPU
		{FC40C189-3787-4C0C-942B-F93836CFC57A}.Debug|x64.Build.0 = Debug|Any CPU
		{FC40C189-3787-4C0C-942B-F93836CFC57A}.Debug|x86.ActiveCfg = Debug|Any CPU
		{FC40C189-3787-4C0C-942B-F93836CFC57A}.Debug|x86.Build.0 = Debug|Any CPU
		{FC40C189-3787-4C0C-942B-F93836CFC57A}.Release|Android.ActiveCfg = Debug|Any CPU
		{FC40C189-3787-4C0C-942B-F93836CFC57A}.Release|Android.Build.0 = Debug|Any CPU
		{FC40C189-3787-4C0C-942B-F93836CFC57A}.Release|Any CPU.ActiveCfg = Debug|Any CPU
		{FC40C189-3787-4C0C-942B-F93836CFC57A}.Release|Any CPU.Build.0 = Debug|Any CPU
		{FC40C189-3787-4C0C-942B-F93836CFC57A}.Release|ARM.ActiveCfg = Debug|Any CPU
		{FC40C189-3787-4C0C-942B-F93836CFC57A}.Release|ARM.Build.0 = Debug|Any CPU
		{FC40C189-3787-4C0C-942B-F93836CFC57A}.Release|iOS.ActiveCfg = Debug|Any CPU
		{FC40C189-3787-4C0C-942B-F93836CFC57A}.Release|iOS.Build.0 = Debug|Any CPU
		{FC40C189-3787-4C0C-942B-F93836CFC57A}.Release|Windows-AnyCPU.ActiveCfg = Debug|Any CPU
		{FC40C189-3787-4C0C-942B-F93836CFC57A}.Release|Windows-AnyCPU.Build.0 = Debug|Any CPU
		{FC40C189-3787-4C0C-942B-F93836CFC57A}.Release|Windows-ARM.ActiveCfg = Debug|Any CPU
		{FC40C189-3787-4C0C-942B-F93836CFC57A}.Release|Windows-ARM.Build.0 = Debug|Any CPU
		{FC40C189-3787-4C0C-942B-F93836CFC57A}.Release|Windows-x64.ActiveCfg = Debug|Any CPU
		{FC40C189-3787-4C0C-942B-F93836CFC57A}.Release|Windows-x64.Build.0 = Debug|Any CPU
		{FC40C189-3787-4C0C-942B-F93836CFC57A}.Release|Windows-x86.ActiveCfg = Debug|Any CPU
		{FC40C189-3787-4C0C-942B-F93836CFC57A}.Release|Windows-x86.Build.0 = Debug|Any CPU
		{FC40C189-3787-4C0C-942B-F93836CFC57A}.Release|x64.ActiveCfg = Debug|Any CPU
		{FC40C189-3787-4C0C-942B-F93836CFC57A}.Release|x64.Build.0 = Debug|Any CPU
		{FC40C189-3787-4C0C-942B-F93836CFC57A}.Release|x86.ActiveCfg = Debug|Any CPU
		{FC40C189-3787-4C0C-942B-F93836CFC57A}.Release|x86.Build.0 = Debug|Any CPU
	EndGlobalSection
	GlobalSection(SolutionProperties) = preSolution
		HideSolutionNode = FALSE
	EndGlobalSection
	GlobalSection(ExtensibilityGlobals) = postSolution
		SolutionGuid = {07DD2F24-26A2-451E-BF6C-7303DDDD5BA2}
	EndGlobalSection
EndGlobal
